// !$*UTF8*$!
{
	archiveVersion = 1;
	classes = {
	};
	objectVersion = 56;
	objects = {

/* Begin PBXBuildFile section */
		2F4F6D692958B2F7001614A3 /* MainTabView.swift in Sources */ = {isa = PBXBuildFile; fileRef = 2F4F6D682958B2F6001614A3 /* MainTabView.swift */; };
		2F82C52D2959DCCC00708795 /* MainView.swift in Sources */ = {isa = PBXBuildFile; fileRef = 2F82C52C2959DCCC00708795 /* MainView.swift */; };
		2F82C5332959DDB800708795 /* NotesView.swift in Sources */ = {isa = PBXBuildFile; fileRef = 2F82C5322959DDB800708795 /* NotesView.swift */; };
		2F82C5352959DDBF00708795 /* CalendarView.swift in Sources */ = {isa = PBXBuildFile; fileRef = 2F82C5342959DDBF00708795 /* CalendarView.swift */; };
		2F82C5372959DDC700708795 /* PasswordView.swift in Sources */ = {isa = PBXBuildFile; fileRef = 2F82C5362959DDC700708795 /* PasswordView.swift */; };
		2F9E870829576A0C00DD72D6 /* NoteBookApp.swift in Sources */ = {isa = PBXBuildFile; fileRef = 2F9E870729576A0C00DD72D6 /* NoteBookApp.swift */; };
		2F9E870A29576A0C00DD72D6 /* HomeView.swift in Sources */ = {isa = PBXBuildFile; fileRef = 2F9E870929576A0C00DD72D6 /* HomeView.swift */; };
		2F9E870C29576A0D00DD72D6 /* Assets.xcassets in Resources */ = {isa = PBXBuildFile; fileRef = 2F9E870B29576A0D00DD72D6 /* Assets.xcassets */; };
		2F9E870F29576A0D00DD72D6 /* Preview Assets.xcassets in Resources */ = {isa = PBXBuildFile; fileRef = 2F9E870E29576A0D00DD72D6 /* Preview Assets.xcassets */; };
		2F9E871929576A0D00DD72D6 /* NoteBookAppTests.swift in Sources */ = {isa = PBXBuildFile; fileRef = 2F9E871829576A0D00DD72D6 /* NoteBookAppTests.swift */; };
/* End PBXBuildFile section */

/* Begin PBXContainerItemProxy section */
		2F9E871529576A0D00DD72D6 /* PBXContainerItemProxy */ = {
			isa = PBXContainerItemProxy;
			containerPortal = 2F9E86FC29576A0C00DD72D6 /* Project object */;
			proxyType = 1;
			remoteGlobalIDString = 2F9E870329576A0C00DD72D6;
			remoteInfo = NoteBookApp;
		};
/* End PBXContainerItemProxy section */

/* Begin PBXFileReference section */
		2F4F6D682958B2F6001614A3 /* MainTabView.swift */ = {isa = PBXFileReference; lastKnownFileType = sourcecode.swift; path = MainTabView.swift; sourceTree = "<group>"; };
		2F82C52C2959DCCC00708795 /* MainView.swift */ = {isa = PBXFileReference; lastKnownFileType = sourcecode.swift; path = MainView.swift; sourceTree = "<group>"; };
		2F82C5322959DDB800708795 /* NotesView.swift */ = {isa = PBXFileReference; lastKnownFileType = sourcecode.swift; path = NotesView.swift; sourceTree = "<group>"; };
		2F82C5342959DDBF00708795 /* CalendarView.swift */ = {isa = PBXFileReference; lastKnownFileType = sourcecode.swift; path = CalendarView.swift; sourceTree = "<group>"; };
		2F82C5362959DDC700708795 /* PasswordView.swift */ = {isa = PBXFileReference; lastKnownFileType = sourcecode.swift; path = PasswordView.swift; sourceTree = "<group>"; };
		2F9E870429576A0C00DD72D6 /* NoteBookApp.app */ = {isa = PBXFileReference; explicitFileType = wrapper.application; includeInIndex = 0; path = NoteBookApp.app; sourceTree = BUILT_PRODUCTS_DIR; };
		2F9E870729576A0C00DD72D6 /* NoteBookApp.swift */ = {isa = PBXFileReference; lastKnownFileType = sourcecode.swift; path = NoteBookApp.swift; sourceTree = "<group>"; };
		2F9E870929576A0C00DD72D6 /* HomeView.swift */ = {isa = PBXFileReference; lastKnownFileType = sourcecode.swift; path = HomeView.swift; sourceTree = "<group>"; };
		2F9E870B29576A0D00DD72D6 /* Assets.xcassets */ = {isa = PBXFileReference; lastKnownFileType = folder.assetcatalog; path = Assets.xcassets; sourceTree = "<group>"; };
		2F9E870E29576A0D00DD72D6 /* Preview Assets.xcassets */ = {isa = PBXFileReference; lastKnownFileType = folder.assetcatalog; path = "Preview Assets.xcassets"; sourceTree = "<group>"; };
		2F9E871429576A0D00DD72D6 /* NoteBookAppTests.xctest */ = {isa = PBXFileReference; explicitFileType = wrapper.cfbundle; includeInIndex = 0; path = NoteBookAppTests.xctest; sourceTree = BUILT_PRODUCTS_DIR; };
		2F9E871829576A0D00DD72D6 /* NoteBookAppTests.swift */ = {isa = PBXFileReference; lastKnownFileType = sourcecode.swift; path = NoteBookAppTests.swift; sourceTree = "<group>"; };
/* End PBXFileReference section */

/* Begin PBXFrameworksBuildPhase section */
		2F9E870129576A0C00DD72D6 /* Frameworks */ = {
			isa = PBXFrameworksBuildPhase;
			buildActionMask = 2147483647;
			files = (
			);
			runOnlyForDeploymentPostprocessing = 0;
		};
		2F9E871129576A0D00DD72D6 /* Frameworks */ = {
			isa = PBXFrameworksBuildPhase;
			buildActionMask = 2147483647;
			files = (
			);
			runOnlyForDeploymentPostprocessing = 0;
		};
/* End PBXFrameworksBuildPhase section */

/* Begin PBXGroup section */
		2F4F6D662958B2D4001614A3 /* Common */ = {
			isa = PBXGroup;
			children = (
				2F4F6D682958B2F6001614A3 /* MainTabView.swift */,
				2F82C52C2959DCCC00708795 /* MainView.swift */,
			);
			path = Common;
			sourceTree = "<group>";
		};
		2F4F6D672958B2D4001614A3 /* Home */ = {
			isa = PBXGroup;
			children = (
				2F9E870929576A0C00DD72D6 /* HomeView.swift */,
			);
			path = Home;
			sourceTree = "<group>";
		};
		2F82C52E2959DD3100708795 /* Notes */ = {
			isa = PBXGroup;
			children = (
				2F82C5322959DDB800708795 /* NotesView.swift */,
			);
			path = Notes;
			sourceTree = "<group>";
		};
		2F82C5302959DD3D00708795 /* Calendar */ = {
			isa = PBXGroup;
			children = (
				2F82C5342959DDBF00708795 /* CalendarView.swift */,
			);
			path = Calendar;
			sourceTree = "<group>";
		};
		2F82C5312959DD4300708795 /* Password */ = {
			isa = PBXGroup;
			children = (
				2F82C5362959DDC700708795 /* PasswordView.swift */,
			);
			path = Password;
			sourceTree = "<group>";
		};
		2F9E86FB29576A0C00DD72D6 = {
			isa = PBXGroup;
			children = (
				2F9E870629576A0C00DD72D6 /* NoteBookApp */,
				2F9E871729576A0D00DD72D6 /* NoteBookAppTests */,
				2F9E870529576A0C00DD72D6 /* Products */,
			);
			sourceTree = "<group>";
		};
		2F9E870529576A0C00DD72D6 /* Products */ = {
			isa = PBXGroup;
			children = (
				2F9E870429576A0C00DD72D6 /* NoteBookApp.app */,
				2F9E871429576A0D00DD72D6 /* NoteBookAppTests.xctest */,
			);
			name = Products;
			sourceTree = "<group>";
		};
		2F9E870629576A0C00DD72D6 /* NoteBookApp */ = {
			isa = PBXGroup;
			children = (
				2F4F6D662958B2D4001614A3 /* Common */,
				2F4F6D672958B2D4001614A3 /* Home */,
				2F82C52E2959DD3100708795 /* Notes */,
				2F82C5302959DD3D00708795 /* Calendar */,
				2F82C5312959DD4300708795 /* Password */,
				2F9E870729576A0C00DD72D6 /* NoteBookApp.swift */,
				2F9E870B29576A0D00DD72D6 /* Assets.xcassets */,
				2F9E870D29576A0D00DD72D6 /* Preview Content */,
			);
			path = NoteBookApp;
			sourceTree = "<group>";
		};
		2F9E870D29576A0D00DD72D6 /* Preview Content */ = {
			isa = PBXGroup;
			children = (
				2F9E870E29576A0D00DD72D6 /* Preview Assets.xcassets */,
			);
			path = "Preview Content";
			sourceTree = "<group>";
		};
		2F9E871729576A0D00DD72D6 /* NoteBookAppTests */ = {
			isa = PBXGroup;
			children = (
				2F9E871829576A0D00DD72D6 /* NoteBookAppTests.swift */,
			);
			path = NoteBookAppTests;
			sourceTree = "<group>";
		};
/* End PBXGroup section */

/* Begin PBXNativeTarget section */
		2F9E870329576A0C00DD72D6 /* NoteBookApp */ = {
			isa = PBXNativeTarget;
			buildConfigurationList = 2F9E872829576A0D00DD72D6 /* Build configuration list for PBXNativeTarget "NoteBookApp" */;
			buildPhases = (
				2F9E870029576A0C00DD72D6 /* Sources */,
				2F9E870129576A0C00DD72D6 /* Frameworks */,
				2F9E870229576A0C00DD72D6 /* Resources */,
			);
			buildRules = (
			);
			dependencies = (
			);
			name = NoteBookApp;
			productName = NoteBookApp;
			productReference = 2F9E870429576A0C00DD72D6 /* NoteBookApp.app */;
			productType = "com.apple.product-type.application";
		};
		2F9E871329576A0D00DD72D6 /* NoteBookAppTests */ = {
			isa = PBXNativeTarget;
			buildConfigurationList = 2F9E872B29576A0D00DD72D6 /* Build configuration list for PBXNativeTarget "NoteBookAppTests" */;
			buildPhases = (
				2F9E871029576A0D00DD72D6 /* Sources */,
				2F9E871129576A0D00DD72D6 /* Frameworks */,
				2F9E871229576A0D00DD72D6 /* Resources */,
			);
			buildRules = (
			);
			dependencies = (
				2F9E871629576A0D00DD72D6 /* PBXTargetDependency */,
			);
			name = NoteBookAppTests;
			productName = NoteBookAppTests;
			productReference = 2F9E871429576A0D00DD72D6 /* NoteBookAppTests.xctest */;
			productType = "com.apple.product-type.bundle.unit-test";
		};
/* End PBXNativeTarget section */

/* Begin PBXProject section */
		2F9E86FC29576A0C00DD72D6 /* Project object */ = {
			isa = PBXProject;
			attributes = {
				BuildIndependentTargetsInParallel = 1;
				LastSwiftUpdateCheck = 1400;
				LastUpgradeCheck = 1400;
				TargetAttributes = {
					2F9E870329576A0C00DD72D6 = {
						CreatedOnToolsVersion = 14.0;
					};
					2F9E871329576A0D00DD72D6 = {
						CreatedOnToolsVersion = 14.0;
						TestTargetID = 2F9E870329576A0C00DD72D6;
					};
				};
			};
			buildConfigurationList = 2F9E86FF29576A0C00DD72D6 /* Build configuration list for PBXProject "NoteBookApp" */;
			compatibilityVersion = "Xcode 14.0";
			developmentRegion = en;
			hasScannedForEncodings = 0;
			knownRegions = (
				en,
				Base,
			);
			mainGroup = 2F9E86FB29576A0C00DD72D6;
			productRefGroup = 2F9E870529576A0C00DD72D6 /* Products */;
			projectDirPath = "";
			projectRoot = "";
			targets = (
				2F9E870329576A0C00DD72D6 /* NoteBookApp */,
				2F9E871329576A0D00DD72D6 /* NoteBookAppTests */,
			);
		};
/* End PBXProject section */

/* Begin PBXResourcesBuildPhase section */
		2F9E870229576A0C00DD72D6 /* Resources */ = {
			isa = PBXResourcesBuildPhase;
			buildActionMask = 2147483647;
			files = (
				2F9E870F29576A0D00DD72D6 /* Preview Assets.xcassets in Resources */,
				2F9E870C29576A0D00DD72D6 /* Assets.xcassets in Resources */,
			);
			runOnlyForDeploymentPostprocessing = 0;
		};
		2F9E871229576A0D00DD72D6 /* Resources */ = {
			isa = PBXResourcesBuildPhase;
			buildActionMask = 2147483647;
			files = (
			);
			runOnlyForDeploymentPostprocessing = 0;
		};
/* End PBXResourcesBuildPhase section */

/* Begin PBXSourcesBuildPhase section */
		2F9E870029576A0C00DD72D6 /* Sources */ = {
			isa = PBXSourcesBuildPhase;
			buildActionMask = 2147483647;
			files = (
				2F4F6D692958B2F7001614A3 /* MainTabView.swift in Sources */,
				2F82C5372959DDC700708795 /* PasswordView.swift in Sources */,
				2F82C52D2959DCCC00708795 /* MainView.swift in Sources */,
				2F82C5352959DDBF00708795 /* CalendarView.swift in Sources */,
				2F82C5332959DDB800708795 /* NotesView.swift in Sources */,
				2F9E870A29576A0C00DD72D6 /* HomeView.swift in Sources */,
				2F9E870829576A0C00DD72D6 /* NoteBookApp.swift in Sources */,
			);
			runOnlyForDeploymentPostprocessing = 0;
		};
		2F9E871029576A0D00DD72D6 /* Sources */ = {
			isa = PBXSourcesBuildPhase;
			buildActionMask = 2147483647;
			files = (
				2F9E871929576A0D00DD72D6 /* NoteBookAppTests.swift in Sources */,
			);
			runOnlyForDeploymentPostprocessing = 0;
		};
/* End PBXSourcesBuildPhase section */

/* Begin PBXTargetDependency section */
		2F9E871629576A0D00DD72D6 /* PBXTargetDependency */ = {
			isa = PBXTargetDependency;
			target = 2F9E870329576A0C00DD72D6 /* NoteBookApp */;
			targetProxy = 2F9E871529576A0D00DD72D6 /* PBXContainerItemProxy */;
		};
/* End PBXTargetDependency section */

/* Begin XCBuildConfiguration section */
		2F9E872629576A0D00DD72D6 /* Debug */ = {
			isa = XCBuildConfiguration;
			buildSettings = {
				ALWAYS_SEARCH_USER_PATHS = NO;
				CLANG_ANALYZER_NONNULL = YES;
				CLANG_ANALYZER_NUMBER_OBJECT_CONVERSION = YES_AGGRESSIVE;
				CLANG_CXX_LANGUAGE_STANDARD = "gnu++20";
				CLANG_ENABLE_MODULES = YES;
				CLANG_ENABLE_OBJC_ARC = YES;
				CLANG_ENABLE_OBJC_WEAK = YES;
				CLANG_WARN_BLOCK_CAPTURE_AUTORELEASING = YES;
				CLANG_WARN_BOOL_CONVERSION = YES;
				CLANG_WARN_COMMA = YES;
				CLANG_WARN_CONSTANT_CONVERSION = YES;
				CLANG_WARN_DEPRECATED_OBJC_IMPLEMENTATIONS = YES;
				CLANG_WARN_DIRECT_OBJC_ISA_USAGE = YES_ERROR;
				CLANG_WARN_DOCUMENTATION_COMMENTS = YES;
				CLANG_WARN_EMPTY_BODY = YES;
				CLANG_WARN_ENUM_CONVERSION = YES;
				CLANG_WARN_INFINITE_RECURSION = YES;
				CLANG_WARN_INT_CONVERSION = YES;
				CLANG_WARN_NON_LITERAL_NULL_CONVERSION = YES;
				CLANG_WARN_OBJC_IMPLICIT_RETAIN_SELF = YES;
				CLANG_WARN_OBJC_LITERAL_CONVERSION = YES;
				CLANG_WARN_OBJC_ROOT_CLASS = YES_ERROR;
				CLANG_WARN_QUOTED_INCLUDE_IN_FRAMEWORK_HEADER = YES;
				CLANG_WARN_RANGE_LOOP_ANALYSIS = YES;
				CLANG_WARN_STRICT_PROTOTYPES = YES;
				CLANG_WARN_SUSPICIOUS_MOVE = YES;
				CLANG_WARN_UNGUARDED_AVAILABILITY = YES_AGGRESSIVE;
				CLANG_WARN_UNREACHABLE_CODE = YES;
				CLANG_WARN__DUPLICATE_METHOD_MATCH = YES;
				COPY_PHASE_STRIP = NO;
				DEBUG_INFORMATION_FORMAT = dwarf;
				ENABLE_STRICT_OBJC_MSGSEND = YES;
				ENABLE_TESTABILITY = YES;
				GCC_C_LANGUAGE_STANDARD = gnu11;
				GCC_DYNAMIC_NO_PIC = NO;
				GCC_NO_COMMON_BLOCKS = YES;
				GCC_OPTIMIZATION_LEVEL = 0;
				GCC_PREPROCESSOR_DEFINITIONS = (
					"DEBUG=1",
					"$(inherited)",
				);
				GCC_WARN_64_TO_32_BIT_CONVERSION = YES;
				GCC_WARN_ABOUT_RETURN_TYPE = YES_ERROR;
				GCC_WARN_UNDECLARED_SELECTOR = YES;
				GCC_WARN_UNINITIALIZED_AUTOS = YES_AGGRESSIVE;
				GCC_WARN_UNUSED_FUNCTION = YES;
				GCC_WARN_UNUSED_VARIABLE = YES;
				IPHONEOS_DEPLOYMENT_TARGET = 15.0;
				MTL_ENABLE_DEBUG_INFO = INCLUDE_SOURCE;
				MTL_FAST_MATH = YES;
				ONLY_ACTIVE_ARCH = YES;
				SDKROOT = iphoneos;
				SWIFT_ACTIVE_COMPILATION_CONDITIONS = DEBUG;
				SWIFT_OPTIMIZATION_LEVEL = "-Onone";
			};
			name = Debug;
		};
		2F9E872729576A0D00DD72D6 /* Release */ = {
			isa = XCBuildConfiguration;
			buildSettings = {
				ALWAYS_SEARCH_USER_PATHS = NO;
				CLANG_ANALYZER_NONNULL = YES;
				CLANG_ANALYZER_NUMBER_OBJECT_CONVERSION = YES_AGGRESSIVE;
				CLANG_CXX_LANGUAGE_STANDARD = "gnu++20";
				CLANG_ENABLE_MODULES = YES;
				CLANG_ENABLE_OBJC_ARC = YES;
				CLANG_ENABLE_OBJC_WEAK = YES;
				CLANG_WARN_BLOCK_CAPTURE_AUTORELEASING = YES;
				CLANG_WARN_BOOL_CONVERSION = YES;
				CLANG_WARN_COMMA = YES;
				CLANG_WARN_CONSTANT_CONVERSION = YES;
				CLANG_WARN_DEPRECATED_OBJC_IMPLEMENTATIONS = YES;
				CLANG_WARN_DIRECT_OBJC_ISA_USAGE = YES_ERROR;
				CLANG_WARN_DOCUMENTATION_COMMENTS = YES;
				CLANG_WARN_EMPTY_BODY = YES;
				CLANG_WARN_ENUM_CONVERSION = YES;
				CLANG_WARN_INFINITE_RECURSION = YES;
				CLANG_WARN_INT_CONVERSION = YES;
				CLANG_WARN_NON_LITERAL_NULL_CONVERSION = YES;
				CLANG_WARN_OBJC_IMPLICIT_RETAIN_SELF = YES;
				CLANG_WARN_OBJC_LITERAL_CONVERSION = YES;
				CLANG_WARN_OBJC_ROOT_CLASS = YES_ERROR;
				CLANG_WARN_QUOTED_INCLUDE_IN_FRAMEWORK_HEADER = YES;
				CLANG_WARN_RANGE_LOOP_ANALYSIS = YES;
				CLANG_WARN_STRICT_PROTOTYPES = YES;
				CLANG_WARN_SUSPICIOUS_MOVE = YES;
				CLANG_WARN_UNGUARDED_AVAILABILITY = YES_AGGRESSIVE;
				CLANG_WARN_UNREACHABLE_CODE = YES;
				CLANG_WARN__DUPLICATE_METHOD_MATCH = YES;
				COPY_PHASE_STRIP = NO;
				DEBUG_INFORMATION_FORMAT = "dwarf-with-dsym";
				ENABLE_NS_ASSERTIONS = NO;
				ENABLE_STRICT_OBJC_MSGSEND = YES;
				GCC_C_LANGUAGE_STANDARD = gnu11;
				GCC_NO_COMMON_BLOCKS = YES;
				GCC_WARN_64_TO_32_BIT_CONVERSION = YES;
				GCC_WARN_ABOUT_RETURN_TYPE = YES_ERROR;
				GCC_WARN_UNDECLARED_SELECTOR = YES;
				GCC_WARN_UNINITIALIZED_AUTOS = YES_AGGRESSIVE;
				GCC_WARN_UNUSED_FUNCTION = YES;
				GCC_WARN_UNUSED_VARIABLE = YES;
				IPHONEOS_DEPLOYMENT_TARGET = 15.0;
				MTL_ENABLE_DEBUG_INFO = NO;
				MTL_FAST_MATH = YES;
				SDKROOT = iphoneos;
				SWIFT_COMPILATION_MODE = wholemodule;
				SWIFT_OPTIMIZATION_LEVEL = "-O";
				VALIDATE_PRODUCT = YES;
			};
			name = Release;
		};
		2F9E872929576A0D00DD72D6 /* Debug */ = {
			isa = XCBuildConfiguration;
			buildSettings = {
				ASSETCATALOG_COMPILER_APPICON_NAME = AppIcon;
				ASSETCATALOG_COMPILER_GLOBAL_ACCENT_COLOR_NAME = AccentColor;
				CODE_SIGN_STYLE = Automatic;
				CURRENT_PROJECT_VERSION = 1;
				DEVELOPMENT_ASSET_PATHS = "\"NoteBookApp/Preview Content\"";
				DEVELOPMENT_TEAM = GBRMF3XZ9K;
				ENABLE_PREVIEWS = YES;
				GENERATE_INFOPLIST_FILE = YES;
				INFOPLIST_KEY_UIApplicationSceneManifest_Generation = YES;
				INFOPLIST_KEY_UIApplicationSupportsIndirectInputEvents = YES;
				INFOPLIST_KEY_UILaunchScreen_Generation = YES;
				INFOPLIST_KEY_UISupportedInterfaceOrientations_iPad = "UIInterfaceOrientationPortrait UIInterfaceOrientationPortraitUpsideDown UIInterfaceOrientationLandscapeLeft UIInterfaceOrientationLandscapeRight";
				INFOPLIST_KEY_UISupportedInterfaceOrientations_iPhone = "UIInterfaceOrientationPortrait UIInterfaceOrientationLandscapeLeft UIInterfaceOrientationLandscapeRight";
				LD_RUNPATH_SEARCH_PATHS = (
					"$(inherited)",
					"@executable_path/Frameworks",
				);
				MARKETING_VERSION = 1.0;
				PRODUCT_BUNDLE_IDENTIFIER = com.hoangcuulong.NoteBookApp;
				PRODUCT_NAME = "$(TARGET_NAME)";
				SWIFT_EMIT_LOC_STRINGS = YES;
				SWIFT_VERSION = 5.0;
				TARGETED_DEVICE_FAMILY = "1,2";
			};
			name = Debug;
		};
		2F9E872A29576A0D00DD72D6 /* Release */ = {
			isa = XCBuildConfiguration;
			buildSettings = {
				ASSETCATALOG_COMPILER_APPICON_NAME = AppIcon;
				ASSETCATALOG_COMPILER_GLOBAL_ACCENT_COLOR_NAME = AccentColor;
				CODE_SIGN_STYLE = Automatic;
				CURRENT_PROJECT_VERSION = 1;
				DEVELOPMENT_ASSET_PATHS = "\"NoteBookApp/Preview Content\"";
				DEVELOPMENT_TEAM = GBRMF3XZ9K;
				ENABLE_PREVIEWS = YES;
				GENERATE_INFOPLIST_FILE = YES;
				INFOPLIST_KEY_UIApplicationSceneManifest_Generation = YES;
				INFOPLIST_KEY_UIApplicationSupportsIndirectInputEvents = YES;
				INFOPLIST_KEY_UILaunchScreen_Generation = YES;
				INFOPLIST_KEY_UISupportedInterfaceOrientations_iPad = "UIInterfaceOrientationPortrait UIInterfaceOrientationPortraitUpsideDown UIInterfaceOrientationLandscapeLeft UIInterfaceOrientationLandscapeRight";
				INFOPLIST_KEY_UISupportedInterfaceOrientations_iPhone = "UIInterfaceOrientationPortrait UIInterfaceOrientationLandscapeLeft UIInterfaceOrientationLandscapeRight";
				LD_RUNPATH_SEARCH_PATHS = (
					"$(inherited)",
					"@executable_path/Frameworks",
				);
				MARKETING_VERSION = 1.0;
				PRODUCT_BUNDLE_IDENTIFIER = com.hoangcuulong.NoteBookApp;
				PRODUCT_NAME = "$(TARGET_NAME)";
				SWIFT_EMIT_LOC_STRINGS = YES;
				SWIFT_VERSION = 5.0;
				TARGETED_DEVICE_FAMILY = "1,2";
			};
			name = Release;
		};
		2F9E872C29576A0D00DD72D6 /* Debug */ = {
			isa = XCBuildConfiguration;
			buildSettings = {
				ALWAYS_EMBED_SWIFT_STANDARD_LIBRARIES = YES;
				BUNDLE_LOADER = "$(TEST_HOST)";
				CODE_SIGN_STYLE = Automatic;
				CURRENT_PROJECT_VERSION = 1;
				DEVELOPMENT_TEAM = GBRMF3XZ9K;
				GENERATE_INFOPLIST_FILE = YES;
				IPHONEOS_DEPLOYMENT_TARGET = 16.0;
				MARKETING_VERSION = 1.0;
				PRODUCT_BUNDLE_IDENTIFIER = com.hoangcuulong.NoteBookAppTests;
				PRODUCT_NAME = "$(TARGET_NAME)";
				SWIFT_EMIT_LOC_STRINGS = NO;
				SWIFT_VERSION = 5.0;
				TARGETED_DEVICE_FAMILY = "1,2";
				TEST_HOST = "$(BUILT_PRODUCTS_DIR)/NoteBookApp.app/$(BUNDLE_EXECUTABLE_FOLDER_PATH)/NoteBookApp";
			};
			name = Debug;
		};
		2F9E872D29576A0D00DD72D6 /* Release */ = {
			isa = XCBuildConfiguration;
			buildSettings = {
				ALWAYS_EMBED_SWIFT_STANDARD_LIBRARIES = YES;
				BUNDLE_LOADER = "$(TEST_HOST)";
				CODE_SIGN_STYLE = Automatic;
				CURRENT_PROJECT_VERSION = 1;
				DEVELOPMENT_TEAM = GBRMF3XZ9K;
				GENERATE_INFOPLIST_FILE = YES;
				IPHONEOS_DEPLOYMENT_TARGET = 16.0;
				MARKETING_VERSION = 1.0;
				PRODUCT_BUNDLE_IDENTIFIER = com.hoangcuulong.NoteBookAppTests;
				PRODUCT_NAME = "$(TARGET_NAME)";
				SWIFT_EMIT_LOC_STRINGS = NO;
				SWIFT_VERSION = 5.0;
				TARGETED_DEVICE_FAMILY = "1,2";
				TEST_HOST = "$(BUILT_PRODUCTS_DIR)/NoteBookApp.app/$(BUNDLE_EXECUTABLE_FOLDER_PATH)/NoteBookApp";
			};
			name = Release;
		};
/* End XCBuildConfiguration section */

/* Begin XCConfigurationList section */
		2F9E86FF29576A0C00DD72D6 /* Build configuration list for PBXProject "NoteBookApp" */ = {
			isa = XCConfigurationList;
			buildConfigurations = (
				2F9E872629576A0D00DD72D6 /* Debug */,
				2F9E872729576A0D00DD72D6 /* Release */,
			);
			defaultConfigurationIsVisible = 0;
			defaultConfigurationName = Release;
		};
		2F9E872829576A0D00DD72D6 /* Build configuration list for PBXNativeTarget "NoteBookApp" */ = {
			isa = XCConfigurationList;
			buildConfigurations = (
				2F9E872929576A0D00DD72D6 /* Debug */,
				2F9E872A29576A0D00DD72D6 /* Release */,
			);
			defaultConfigurationIsVisible = 0;
			defaultConfigurationName = Release;
		};
		2F9E872B29576A0D00DD72D6 /* Build configuration list for PBXNativeTarget "NoteBookAppTests" */ = {
			isa = XCConfigurationList;
			buildConfigurations = (
				2F9E872C29576A0D00DD72D6 /* Debug */,
				2F9E872D29576A0D00DD72D6 /* Release */,
			);
			defaultConfigurationIsVisible = 0;
			defaultConfigurationName = Release;
		};
/* End XCConfigurationList section */
	};
	rootObject = 2F9E86FC29576A0C00DD72D6 /* Project object */;
}
