<?xml version="1.0" encoding="UTF-8"?>
<Scheme
   LastUpgradeVersion = "1400"
   version = "1.3">
   <BuildAction
      parallelizeBuildables = "YES"
      buildImplicitDependencies = "YES">
      <BuildActionEntries>
         <BuildActionEntry
            buildForTesting = "YES"
            buildForRunning = "YES"
            buildForProfiling = "YES"
            buildForArchiving = "YES"
            buildForAnalyzing = "YES">
            <BuildableReference
               BuildableIdentifier = "primary"
               BlueprintIdentifier = "2F9E870329576A0C00DD72D6"
               BuildableName = "NoteBookApp.app"
               BlueprintName = "NoteBookApp"
               ReferencedContainer = "container:NoteBookApp.xcodeproj">
            </BuildableReference>
         </BuildActionEntry>
      </BuildActionEntries>
   </BuildAction>
   <TestAction
      buildConfiguration = "Debug"
      selectedDebuggerIdentifier = "Xcode.DebuggerFoundation.Debugger.LLDB"
      selectedLauncherIdentifier = "Xcode.DebuggerFoundation.Launcher.LLDB"
      shouldUseLaunchSchemeArgsEnv = "YES">
      <Testables>
         <TestableReference
            skipped = "NO"
            testExecutionOrdering = "random">
            <BuildableReference
               BuildableIdentifier = "primary"
               BlueprintIdentifier = "2F9E871329576A0D00DD72D6"
               BuildableName = "NoteBookAppTests.xctest"
               BlueprintName = "NoteBookAppTests"
               ReferencedContainer = "container:NoteBookApp.xcodeproj">
            </BuildableReference>
            <SelectedTests>
               <Test
                  Identifier = "InsertNoteUseCaseTests/test_init_doesNotMessageStoreUponCreation()">
               </Test>
               <Test
                  Identifier = "InsertNoteUseCaseTests/test_save_failsOnInsertionError()">
               </Test>
               <Test
                  Identifier = "InsertNoteUseCaseTests/test_save_hasNoSideEffectOnInsertionNote()">
               </Test>
               <Test
                  Identifier = "InsertNoteUseCaseTests/test_save_successOnInsertionNote()">
               </Test>
               <Test
                  Identifier = "LoadTodayNotesUseCaseTests/test_init_doesNotMessageStoreUponCreation()">
               </Test>
               <Test
                  Identifier = "LoadTodayNotesUseCaseTests/test_load_deliversNoNoteInDate()">
               </Test>
               <Test
                  Identifier = "LoadTodayNotesUseCaseTests/test_load_deliversNotesInDate()">
               </Test>
               <Test
                  Identifier = "LoadTodayNotesUseCaseTests/test_load_failsOnRetrievalError()">
               </Test>
               <Test
                  Identifier = "LoadTodayNotesUseCaseTests/test_load_hasNoSideEffectOnRetrievalTodaysNotes()">
               </Test>
               <Test
                  Identifier = "LoadTodayNotesUseCaseTests/test_load_hasNoSideEffectsOnRetrievalError()">
               </Test>
               <Test
                  Identifier = "LoadTodayNotesUseCaseTests/test_load_requestsNoteRetrieval()">
               </Test>
               <Test
                  Identifier = "NoteBookAppTests/testExample()">
               </Test>
               <Test
                  Identifier = "NoteBookAppTests/testPerformanceExample()">
               </Test>
            </SelectedTests>
         </TestableReference>
      </Testables>
   </TestAction>
   <LaunchAction
      buildConfiguration = "Debug"
      selectedDebuggerIdentifier = "Xcode.DebuggerFoundation.Debugger.LLDB"
      selectedLauncherIdentifier = "Xcode.DebuggerFoundation.Launcher.LLDB"
      launchStyle = "0"
      useCustomWorkingDirectory = "NO"
      ignoresPersistentStateOnLaunch = "NO"
      debugDocumentVersioning = "YES"
      debugServiceExtension = "internal"
      allowLocationSimulation = "YES">
      <BuildableProductRunnable
         runnableDebuggingMode = "0">
         <BuildableReference
            BuildableIdentifier = "primary"
            BlueprintIdentifier = "2F9E870329576A0C00DD72D6"
            BuildableName = "NoteBookApp.app"
            BlueprintName = "NoteBookApp"
            ReferencedContainer = "container:NoteBookApp.xcodeproj">
         </BuildableReference>
      </BuildableProductRunnable>
   </LaunchAction>
   <ProfileAction
      buildConfiguration = "Release"
      shouldUseLaunchSchemeArgsEnv = "YES"
      savedToolIdentifier = ""
      useCustomWorkingDirectory = "NO"
      debugDocumentVersioning = "YES">
      <BuildableProductRunnable
         runnableDebuggingMode = "0">
         <BuildableReference
            BuildableIdentifier = "primary"
            BlueprintIdentifier = "2F9E870329576A0C00DD72D6"
            BuildableName = "NoteBookApp.app"
            BlueprintName = "NoteBookApp"
            ReferencedContainer = "container:NoteBookApp.xcodeproj">
         </BuildableReference>
      </BuildableProductRunnable>
   </ProfileAction>
   <AnalyzeAction
      buildConfiguration = "Debug">
   </AnalyzeAction>
   <ArchiveAction
      buildConfiguration = "Release"
      revealArchiveInOrganizer = "YES">
   </ArchiveAction>
</Scheme>
