{
  "pins" : [
    {
      "identity" : "dswaveformimage",
      "kind" : "remoteSourceControl",
      "location" : "https://github.com/dmrschmidt/DSWaveformImage",
      "state" : {
        "branch" : "main",
        "revision" : "b3a955b03320ec54b89dc023664aef907cd92b89"
      }
    },
    {
      "identity" : "richtextkit",
      "kind" : "remoteSourceControl",
      "location" : "https://github.com/danielsaidi/RichTextKit.git",
      "state" : {
        "revision" : "56fe94ecdcd9c6e30d5fdc6b9bc95f4bba1cfd40",
        "version" : "0.4.0"
      }
    }
  ],
  "version" : 2
}
